lockfileVersion: '9.0'

settings:
  autoInstallPeers: true
  excludeLinksFromLockfile: false

overrides:
  '@playwright/test': ^1.49.1

importers:

  .:
    dependencies:
      '@estruyf/github-actions-reporter':
        specifier: ^1.9.2
        version: 1.9.2(@playwright/test@1.49.1)
    devDependencies:
      '@playwright/test':
        specifier: ^1.49.1
        version: 1.49.1
      '@types/node':
        specifier: ^22.10.2
        version: 22.10.2

packages:

  '@actions/core@1.11.1':
    resolution: {integrity: sha512-hXJCSrkwfA46Vd9Z3q4cpEpHB1rL5NG04+/rbqW9d3+CSvtB1tYe8UTpAlixa1vj0m/ULglfEK2UKxMGxCxv5A==}

  '@actions/exec@1.1.1':
    resolution: {integrity: sha512-+sCcHHbVdk93a0XT19ECtO/gIXoxvdsgQLzb2fE2/5sIZmWQuluYyjPQtrtTHdU1YzTZ7bAPN4sITq2xi1679w==}

  '@actions/http-client@2.2.3':
    resolution: {integrity: sha512-mx8hyJi/hjFvbPokCg4uRd4ZX78t+YyRPtnKWwIl+RzNaVuFpQHfmlGVfsKEJN8LwTCvL+DfVgAM04XaHkm6bA==}

  '@actions/io@1.1.3':
    resolution: {integrity: sha512-wi9JjgKLYS7U/z8PPbco+PvTb/nRWjeoFlJ1Qer83k/3C5PHQi28hiVdeE2kHXmIL99mQFawx8qt/JPjZilJ8Q==}

  '@estruyf/github-actions-reporter@1.9.2':
    resolution: {integrity: sha512-D2+ePwTjbd4siY7VIWX1dJrE1bU3x9OO+FOj99hqU4zQhVGwMm0ozgNDUzJgHxdRZKtFoGcYWV5YLfZettR38A==}
    peerDependencies:
      '@playwright/test': ^1.49.1

  '@fastify/busboy@2.1.1':
    resolution: {integrity: sha512-vBZP4NlzfOlerQTnba4aqZoMhE/a9HY7HRqoOPaETQcSQuWEIyZMHGfVu6w9wGtGK5fED5qRs2DteVCjOH60sA==}
    engines: {node: '>=14'}

  '@playwright/test@1.49.1':
    resolution: {integrity: sha512-Ky+BVzPz8pL6PQxHqNRW1k3mIyv933LML7HktS8uik0bUXNCdPhoS/kLihiO1tMf/egaJb4IutXd7UywvXEW+g==}
    engines: {node: '>=18'}
    hasBin: true

  '@types/node@22.10.2':
    resolution: {integrity: sha512-Xxr6BBRCAOQixvonOye19wnzyDiUtTeqldOOmj3CkeblonbccA12PFwlufvRdrpjXxqnmUaeiU5EOA+7s5diUQ==}

  ansi-to-html@0.7.2:
    resolution: {integrity: sha512-v6MqmEpNlxF+POuyhKkidusCHWWkaLcGRURzivcU3I9tv7k4JVhFcnukrM5Rlk2rUywdZuzYAZ+kbZqWCnfN3g==}
    engines: {node: '>=8.0.0'}
    hasBin: true

  entities@2.2.0:
    resolution: {integrity: sha512-p92if5Nz619I0w+akJrLZH0MX0Pb5DX39XOwQTtXSdQQOaYH03S1uIQp4mhOZtAXrxq4ViO67YTiLBo2638o9A==}

  fsevents@2.3.2:
    resolution: {integrity: sha512-xiqMQR4xAeHTuB9uWm+fFRcIOgKBMiOBP+eXiyT7jsgVCq1bkVygt00oASowB7EdtpOHaaPgKt812P9ab+DDKA==}
    engines: {node: ^8.16.0 || ^10.6.0 || >=11.0.0}
    os: [darwin]

  marked@12.0.2:
    resolution: {integrity: sha512-qXUm7e/YKFoqFPYPa3Ukg9xlI5cyAtGmyEIzMfW//m6kXwCy2Ps9DYf5ioijFKQ8qyuscrHoY04iJGctu2Kg0Q==}
    engines: {node: '>= 18'}
    hasBin: true

  playwright-core@1.49.1:
    resolution: {integrity: sha512-BzmpVcs4kE2CH15rWfzpjzVGhWERJfmnXmniSyKeRZUs9Ws65m+RGIi7mjJK/euCegfn3i7jvqWeWyHe9y3Vgg==}
    engines: {node: '>=18'}
    hasBin: true

  playwright@1.49.1:
    resolution: {integrity: sha512-VYL8zLoNTBxVOrJBbDuRgDWa3i+mfQgDTrL8Ah9QXZ7ax4Dsj0MSq5bYgytRnDVVe+njoKnfsYkH3HzqVj5UZA==}
    engines: {node: '>=18'}
    hasBin: true

  tunnel@0.0.6:
    resolution: {integrity: sha512-1h/Lnq9yajKY2PEbBadPXj3VxsDDu844OnaAo52UVmIzIvwwtBPIuNvkjuzBlTWpfJyUbG3ez0KSBibQkj4ojg==}
    engines: {node: '>=0.6.11 <=0.7.0 || >=0.7.3'}

  undici-types@6.20.0:
    resolution: {integrity: sha512-Ny6QZ2Nju20vw1SRHe3d9jVu6gJ+4e3+MMpqu7pqE5HT6WsTSlce++GQmK5UXS8mzV8DSYHrQH+Xrf2jVcuKNg==}

  undici@5.28.4:
    resolution: {integrity: sha512-72RFADWFqKmUb2hmmvNODKL3p9hcB6Gt2DOQMis1SEBaV6a4MH8soBvzg+95CYhCKPFedut2JY9bMfrDl9D23g==}
    engines: {node: '>=14.0'}

snapshots:

  '@actions/core@1.11.1':
    dependencies:
      '@actions/exec': 1.1.1
      '@actions/http-client': 2.2.3

  '@actions/exec@1.1.1':
    dependencies:
      '@actions/io': 1.1.3

  '@actions/http-client@2.2.3':
    dependencies:
      tunnel: 0.0.6
      undici: 5.28.4

  '@actions/io@1.1.3': {}

  '@estruyf/github-actions-reporter@1.9.2(@playwright/test@1.49.1)':
    dependencies:
      '@actions/core': 1.11.1
      '@playwright/test': 1.49.1
      ansi-to-html: 0.7.2
      marked: 12.0.2

  '@fastify/busboy@2.1.1': {}

  '@playwright/test@1.49.1':
    dependencies:
      playwright: 1.49.1

  '@types/node@22.10.2':
    dependencies:
      undici-types: 6.20.0

  ansi-to-html@0.7.2:
    dependencies:
      entities: 2.2.0

  entities@2.2.0: {}

  fsevents@2.3.2:
    optional: true

  marked@12.0.2: {}

  playwright-core@1.49.1: {}

  playwright@1.49.1:
    dependencies:
      playwright-core: 1.49.1
    optionalDependencies:
      fsevents: 2.3.2

  tunnel@0.0.6: {}

  undici-types@6.20.0: {}

  undici@5.28.4:
    dependencies:
      '@fastify/busboy': 2.1.1
